
Microsoft Visual Studio Solution File, Format Version 12.00
Project("{FAE04EC0-301F-11D3-BF4B-00C04F79EFBC}") = "HW_02.10.2018_str_implementation", "HW_02.10.2018_str_implementation\HW_02.10.2018_str_implementation.csproj", "{FC9BE607-B24D-4D9F-A3F3-8D7A2BA9CF8E}"
EndProject
Global
	GlobalSection(SolutionConfigurationPlatforms) = preSolution
		Debug|Any CPU = Debug|Any CPU
		Release|Any CPU = Release|Any CPU
	EndGlobalSection
	GlobalSection(ProjectConfigurationPlatforms) = postSolution
		{FC9BE607-B24D-4D9F-A3F3-8D7A2BA9CF8E}.Debug|Any CPU.ActiveCfg = Debug|Any CPU
		{FC9BE607-B24D-4D9F-A3F3-8D7A2BA9CF8E}.Debug|Any CPU.Build.0 = Debug|Any CPU
		{FC9BE607-B24D-4D9F-A3F3-8D7A2BA9CF8E}.Release|Any CPU.ActiveCfg = Release|Any CPU
		{FC9BE607-B24D-4D9F-A3F3-8D7A2BA9CF8E}.Release|Any CPU.Build.0 = Release|Any CPU
	EndGlobalSection
EndGlobal
